// !$*UTF8*$!
{
	archiveVersion = 1;
	classes = {
	};
	objectVersion = 56;
	objects = {

/* Begin PBXBuildFile section */
		5C3B309B2AE010E60032F3D1 /* TheFinalCraveAppApp.swift in Sources */ = {isa = PBXBuildFile; fileRef = 5C3B309A2AE010E60032F3D1 /* TheFinalCraveAppApp.swift */; };
		5C3B309D2AE010E60032F3D1 /* ContentView.swift in Sources */ = {isa = PBXBuildFile; fileRef = 5C3B309C2AE010E60032F3D1 /* ContentView.swift */; };
		5C3B309F2AE010E70032F3D1 /* Assets.xcassets in Resources */ = {isa = PBXBuildFile; fileRef = 5C3B309E2AE010E70032F3D1 /* Assets.xcassets */; };
		5C3B30A22AE010E70032F3D1 /* Preview Assets.xcassets in Resources */ = {isa = PBXBuildFile; fileRef = 5C3B30A12AE010E70032F3D1 /* Preview Assets.xcassets */; };
		5C3B30AA2AE0117C0032F3D1 /* FortuneWheel in Frameworks */ = {isa = PBXBuildFile; productRef = 5C3B30A92AE0117C0032F3D1 /* FortuneWheel */; };
		5C3B30AC2AE013130032F3D1 /* SplashScreen.swift in Sources */ = {isa = PBXBuildFile; fileRef = 5C3B30AB2AE013130032F3D1 /* SplashScreen.swift */; };
		5C3B30AE2AE013200032F3D1 /* ChoosePage.swift in Sources */ = {isa = PBXBuildFile; fileRef = 5C3B30AD2AE013200032F3D1 /* ChoosePage.swift */; };
		5C3B30B02AE0132F0032F3D1 /* ShowingSplash.swift in Sources */ = {isa = PBXBuildFile; fileRef = 5C3B30AF2AE0132F0032F3D1 /* ShowingSplash.swift */; };
		5C3B30B22AE013410032F3D1 /* WelcomePopUp.swift in Sources */ = {isa = PBXBuildFile; fileRef = 5C3B30B12AE013410032F3D1 /* WelcomePopUp.swift */; };
		5C3B30B42AE013530032F3D1 /* Cuisines.swift in Sources */ = {isa = PBXBuildFile; fileRef = 5C3B30B32AE013530032F3D1 /* Cuisines.swift */; };
		5C3B30B62AE013770032F3D1 /* Asian.swift in Sources */ = {isa = PBXBuildFile; fileRef = 5C3B30B52AE013770032F3D1 /* Asian.swift */; };
		5C3B30B82AE013810032F3D1 /* American.swift in Sources */ = {isa = PBXBuildFile; fileRef = 5C3B30B72AE013810032F3D1 /* American.swift */; };
		5C3B30BA2AE0138E0032F3D1 /* Mexican.swift in Sources */ = {isa = PBXBuildFile; fileRef = 5C3B30B92AE0138E0032F3D1 /* Mexican.swift */; };
		5C3B30BC2AE013970032F3D1 /* Italian.swift in Sources */ = {isa = PBXBuildFile; fileRef = 5C3B30BB2AE013970032F3D1 /* Italian.swift */; };
		5C3B30BE2AE013A00032F3D1 /* Indian.swift in Sources */ = {isa = PBXBuildFile; fileRef = 5C3B30BD2AE013A00032F3D1 /* Indian.swift */; };
		5C3B30C02AE013AF0032F3D1 /* Khaleeji.swift in Sources */ = {isa = PBXBuildFile; fileRef = 5C3B30BF2AE013AF0032F3D1 /* Khaleeji.swift */; };
/* End PBXBuildFile section */

/* Begin PBXFileReference section */
		5C3B30972AE010E60032F3D1 /* TheFinalCraveApp.app */ = {isa = PBXFileReference; explicitFileType = wrapper.application; includeInIndex = 0; path = TheFinalCraveApp.app; sourceTree = BUILT_PRODUCTS_DIR; };
		5C3B309A2AE010E60032F3D1 /* TheFinalCraveAppApp.swift */ = {isa = PBXFileReference; lastKnownFileType = sourcecode.swift; path = TheFinalCraveAppApp.swift; sourceTree = "<group>"; };
		5C3B309C2AE010E60032F3D1 /* ContentView.swift */ = {isa = PBXFileReference; lastKnownFileType = sourcecode.swift; path = ContentView.swift; sourceTree = "<group>"; };
		5C3B309E2AE010E70032F3D1 /* Assets.xcassets */ = {isa = PBXFileReference; lastKnownFileType = folder.assetcatalog; path = Assets.xcassets; sourceTree = "<group>"; };
		5C3B30A12AE010E70032F3D1 /* Preview Assets.xcassets */ = {isa = PBXFileReference; lastKnownFileType = folder.assetcatalog; path = "Preview Assets.xcassets"; sourceTree = "<group>"; };
		5C3B30AB2AE013130032F3D1 /* SplashScreen.swift */ = {isa = PBXFileReference; lastKnownFileType = sourcecode.swift; path = SplashScreen.swift; sourceTree = "<group>"; };
		5C3B30AD2AE013200032F3D1 /* ChoosePage.swift */ = {isa = PBXFileReference; lastKnownFileType = sourcecode.swift; path = ChoosePage.swift; sourceTree = "<group>"; };
		5C3B30AF2AE0132F0032F3D1 /* ShowingSplash.swift */ = {isa = PBXFileReference; lastKnownFileType = sourcecode.swift; path = ShowingSplash.swift; sourceTree = "<group>"; };
		5C3B30B12AE013410032F3D1 /* WelcomePopUp.swift */ = {isa = PBXFileReference; lastKnownFileType = sourcecode.swift; path = WelcomePopUp.swift; sourceTree = "<group>"; };
		5C3B30B32AE013530032F3D1 /* Cuisines.swift */ = {isa = PBXFileReference; lastKnownFileType = sourcecode.swift; path = Cuisines.swift; sourceTree = "<group>"; };
		5C3B30B52AE013770032F3D1 /* Asian.swift */ = {isa = PBXFileReference; lastKnownFileType = sourcecode.swift; path = Asian.swift; sourceTree = "<group>"; };
		5C3B30B72AE013810032F3D1 /* American.swift */ = {isa = PBXFileReference; lastKnownFileType = sourcecode.swift; path = American.swift; sourceTree = "<group>"; };
		5C3B30B92AE0138E0032F3D1 /* Mexican.swift */ = {isa = PBXFileReference; lastKnownFileType = sourcecode.swift; path = Mexican.swift; sourceTree = "<group>"; };
		5C3B30BB2AE013970032F3D1 /* Italian.swift */ = {isa = PBXFileReference; lastKnownFileType = sourcecode.swift; path = Italian.swift; sourceTree = "<group>"; };
		5C3B30BD2AE013A00032F3D1 /* Indian.swift */ = {isa = PBXFileReference; lastKnownFileType = sourcecode.swift; path = Indian.swift; sourceTree = "<group>"; };
		5C3B30BF2AE013AF0032F3D1 /* Khaleeji.swift */ = {isa = PBXFileReference; lastKnownFileType = sourcecode.swift; path = Khaleeji.swift; sourceTree = "<group>"; };
/* End PBXFileReference section */

/* Begin PBXFrameworksBuildPhase section */
		5C3B30942AE010E60032F3D1 /* Frameworks */ = {
			isa = PBXFrameworksBuildPhase;
			buildActionMask = 2147483647;
			files = (
				5C3B30AA2AE0117C0032F3D1 /* FortuneWheel in Frameworks */,
			);
			runOnlyForDeploymentPostprocessing = 0;
		};
/* End PBXFrameworksBuildPhase section */

/* Begin PBXGroup section */
		5C3B308E2AE010E60032F3D1 = {
			isa = PBXGroup;
			children = (
				5C3B30992AE010E60032F3D1 /* TheFinalCraveApp */,
				5C3B30982AE010E60032F3D1 /* Products */,
			);
			sourceTree = "<group>";
		};
		5C3B30982AE010E60032F3D1 /* Products */ = {
			isa = PBXGroup;
			children = (
				5C3B30972AE010E60032F3D1 /* TheFinalCraveApp.app */,
			);
			name = Products;
			sourceTree = "<group>";
		};
		5C3B30992AE010E60032F3D1 /* TheFinalCraveApp */ = {
			isa = PBXGroup;
			children = (
				5C3B309A2AE010E60032F3D1 /* TheFinalCraveAppApp.swift */,
				5C3B30AF2AE0132F0032F3D1 /* ShowingSplash.swift */,
				5C3B309C2AE010E60032F3D1 /* ContentView.swift */,
				5C3B30AB2AE013130032F3D1 /* SplashScreen.swift */,
				5C3B30AD2AE013200032F3D1 /* ChoosePage.swift */,
				5C3B30B12AE013410032F3D1 /* WelcomePopUp.swift */,
				5C3B30B32AE013530032F3D1 /* Cuisines.swift */,
				5C3B30B52AE013770032F3D1 /* Asian.swift */,
				5C3B30B72AE013810032F3D1 /* American.swift */,
				5C3B30B92AE0138E0032F3D1 /* Mexican.swift */,
				5C3B30BB2AE013970032F3D1 /* Italian.swift */,
				5C3B30BD2AE013A00032F3D1 /* Indian.swift */,
				5C3B30BF2AE013AF0032F3D1 /* Khaleeji.swift */,
				5C3B309E2AE010E70032F3D1 /* Assets.xcassets */,
				5C3B30A02AE010E70032F3D1 /* Preview Content */,
			);
			path = TheFinalCraveApp;
			sourceTree = "<group>";
		};
		5C3B30A02AE010E70032F3D1 /* Preview Content */ = {
			isa = PBXGroup;
			children = (
				5C3B30A12AE010E70032F3D1 /* Preview Assets.xcassets */,
			);
			path = "Preview Content";
			sourceTree = "<group>";
		};
/* End PBXGroup section */

/* Begin PBXNativeTarget section */
		5C3B30962AE010E60032F3D1 /* TheFinalCraveApp */ = {
			isa = PBXNativeTarget;
			buildConfigurationList = 5C3B30A52AE010E70032F3D1 /* Build configuration list for PBXNativeTarget "TheFinalCraveApp" */;
			buildPhases = (
				5C3B30932AE010E60032F3D1 /* Sources */,
				5C3B30942AE010E60032F3D1 /* Frameworks */,
				5C3B30952AE010E60032F3D1 /* Resources */,
			);
			buildRules = (
			);
			dependencies = (
			);
			name = TheFinalCraveApp;
			packageProductDependencies = (
				5C3B30A92AE0117C0032F3D1 /* FortuneWheel */,
			);
			productName = TheFinalCraveApp;
			productReference = 5C3B30972AE010E60032F3D1 /* TheFinalCraveApp.app */;
			productType = "com.apple.product-type.application";
		};
/* End PBXNativeTarget section */

/* Begin PBXProject section */
		5C3B308F2AE010E60032F3D1 /* Project object */ = {
			isa = PBXProject;
			attributes = {
				BuildIndependentTargetsInParallel = 1;
				LastSwiftUpdateCheck = 1500;
				LastUpgradeCheck = 1500;
				TargetAttributes = {
					5C3B30962AE010E60032F3D1 = {
						CreatedOnToolsVersion = 15.0;
					};
				};
			};
			buildConfigurationList = 5C3B30922AE010E60032F3D1 /* Build configuration list for PBXProject "TheFinalCraveApp" */;
			compatibilityVersion = "Xcode 14.0";
			developmentRegion = en;
			hasScannedForEncodings = 0;
			knownRegions = (
				en,
				Base,
			);
			mainGroup = 5C3B308E2AE010E60032F3D1;
			packageReferences = (
				5C3B30A82AE0117C0032F3D1 /* XCRemoteSwiftPackageReference "FortuneWheel" */,
			);
			productRefGroup = 5C3B30982AE010E60032F3D1 /* Products */;
			projectDirPath = "";
			projectRoot = "";
			targets = (
				5C3B30962AE010E60032F3D1 /* TheFinalCraveApp */,
			);
		};
/* End PBXProject section */

/* Begin PBXResourcesBuildPhase section */
		5C3B30952AE010E60032F3D1 /* Resources */ = {
			isa = PBXResourcesBuildPhase;
			buildActionMask = 2147483647;
			files = (
				5C3B30A22AE010E70032F3D1 /* Preview Assets.xcassets in Resources */,
				5C3B309F2AE010E70032F3D1 /* Assets.xcassets in Resources */,
			);
			runOnlyForDeploymentPostprocessing = 0;
		};
/* End PBXResourcesBuildPhase section */

/* Begin PBXSourcesBuildPhase section */
		5C3B30932AE010E60032F3D1 /* Sources */ = {
			isa = PBXSourcesBuildPhase;
			buildActionMask = 2147483647;
			files = (
				5C3B30BC2AE013970032F3D1 /* Italian.swift in Sources */,
				5C3B30AC2AE013130032F3D1 /* SplashScreen.swift in Sources */,
				5C3B30BE2AE013A00032F3D1 /* Indian.swift in Sources */,
				5C3B30B42AE013530032F3D1 /* Cuisines.swift in Sources */,
				5C3B30B82AE013810032F3D1 /* American.swift in Sources */,
				5C3B30B62AE013770032F3D1 /* Asian.swift in Sources */,
				5C3B30B22AE013410032F3D1 /* WelcomePopUp.swift in Sources */,
				5C3B30BA2AE0138E0032F3D1 /* Mexican.swift in Sources */,
				5C3B30C02AE013AF0032F3D1 /* Khaleeji.swift in Sources */,
				5C3B30AE2AE013200032F3D1 /* ChoosePage.swift in Sources */,
				5C3B309D2AE010E60032F3D1 /* ContentView.swift in Sources */,
				5C3B309B2AE010E60032F3D1 /* TheFinalCraveAppApp.swift in Sources */,
				5C3B30B02AE0132F0032F3D1 /* ShowingSplash.swift in Sources */,
			);
			runOnlyForDeploymentPostprocessing = 0;
		};
/* End PBXSourcesBuildPhase section */

/* Begin XCBuildConfiguration section */
		5C3B30A32AE010E70032F3D1 /* Debug */ = {
			isa = XCBuildConfiguration;
			buildSettings = {
				ALWAYS_SEARCH_USER_PATHS = NO;
				ASSETCATALOG_COMPILER_GENERATE_SWIFT_ASSET_SYMBOL_EXTENSIONS = YES;
				CLANG_ANALYZER_NONNULL = YES;
				CLANG_ANALYZER_NUMBER_OBJECT_CONVERSION = YES_AGGRESSIVE;
				CLANG_CXX_LANGUAGE_STANDARD = "gnu++20";
				CLANG_ENABLE_MODULES = YES;
				CLANG_ENABLE_OBJC_ARC = YES;
				CLANG_ENABLE_OBJC_WEAK = YES;
				CLANG_WARN_BLOCK_CAPTURE_AUTORELEASING = YES;
				CLANG_WARN_BOOL_CONVERSION = YES;
				CLANG_WARN_COMMA = YES;
				CLANG_WARN_CONSTANT_CONVERSION = YES;
				CLANG_WARN_DEPRECATED_OBJC_IMPLEMENTATIONS = YES;
				CLANG_WARN_DIRECT_OBJC_ISA_USAGE = YES_ERROR;
				CLANG_WARN_DOCUMENTATION_COMMENTS = YES;
				CLANG_WARN_EMPTY_BODY = YES;
				CLANG_WARN_ENUM_CONVERSION = YES;
				CLANG_WARN_INFINITE_RECURSION = YES;
				CLANG_WARN_INT_CONVERSION = YES;
				CLANG_WARN_NON_LITERAL_NULL_CONVERSION = YES;
				CLANG_WARN_OBJC_IMPLICIT_RETAIN_SELF = YES;
				CLANG_WARN_OBJC_LITERAL_CONVERSION = YES;
				CLANG_WARN_OBJC_ROOT_CLASS = YES_ERROR;
				CLANG_WARN_QUOTED_INCLUDE_IN_FRAMEWORK_HEADER = YES;
				CLANG_WARN_RANGE_LOOP_ANALYSIS = YES;
				CLANG_WARN_STRICT_PROTOTYPES = YES;
				CLANG_WARN_SUSPICIOUS_MOVE = YES;
				CLANG_WARN_UNGUARDED_AVAILABILITY = YES_AGGRESSIVE;
				CLANG_WARN_UNREACHABLE_CODE = YES;
				CLANG_WARN__DUPLICATE_METHOD_MATCH = YES;
				COPY_PHASE_STRIP = NO;
				DEBUG_INFORMATION_FORMAT = dwarf;
				ENABLE_STRICT_OBJC_MSGSEND = YES;
				ENABLE_TESTABILITY = YES;
				ENABLE_USER_SCRIPT_SANDBOXING = YES;
				GCC_C_LANGUAGE_STANDARD = gnu17;
				GCC_DYNAMIC_NO_PIC = NO;
				GCC_NO_COMMON_BLOCKS = YES;
				GCC_OPTIMIZATION_LEVEL = 0;
				GCC_PREPROCESSOR_DEFINITIONS = (
					"DEBUG=1",
					"$(inherited)",
				);
				GCC_WARN_64_TO_32_BIT_CONVERSION = YES;
				GCC_WARN_ABOUT_RETURN_TYPE = YES_ERROR;
				GCC_WARN_UNDECLARED_SELECTOR = YES;
				GCC_WARN_UNINITIALIZED_AUTOS = YES_AGGRESSIVE;
				GCC_WARN_UNUSED_FUNCTION = YES;
				GCC_WARN_UNUSED_VARIABLE = YES;
				IPHONEOS_DEPLOYMENT_TARGET = 17.0;
				LOCALIZATION_PREFERS_STRING_CATALOGS = YES;
				MTL_ENABLE_DEBUG_INFO = INCLUDE_SOURCE;
				MTL_FAST_MATH = YES;
				ONLY_ACTIVE_ARCH = YES;
				SDKROOT = iphoneos;
				SWIFT_ACTIVE_COMPILATION_CONDITIONS = "DEBUG $(inherited)";
				SWIFT_OPTIMIZATION_LEVEL = "-Onone";
			};
			name = Debug;
		};
		5C3B30A42AE010E70032F3D1 /* Release */ = {
			isa = XCBuildConfiguration;
			buildSettings = {
				ALWAYS_SEARCH_USER_PATHS = NO;
				ASSETCATALOG_COMPILER_GENERATE_SWIFT_ASSET_SYMBOL_EXTENSIONS = YES;
				CLANG_ANALYZER_NONNULL = YES;
				CLANG_ANALYZER_NUMBER_OBJECT_CONVERSION = YES_AGGRESSIVE;
				CLANG_CXX_LANGUAGE_STANDARD = "gnu++20";
				CLANG_ENABLE_MODULES = YES;
				CLANG_ENABLE_OBJC_ARC = YES;
				CLANG_ENABLE_OBJC_WEAK = YES;
				CLANG_WARN_BLOCK_CAPTURE_AUTORELEASING = YES;
				CLANG_WARN_BOOL_CONVERSION = YES;
				CLANG_WARN_COMMA = YES;
				CLANG_WARN_CONSTANT_CONVERSION = YES;
				CLANG_WARN_DEPRECATED_OBJC_IMPLEMENTATIONS = YES;
				CLANG_WARN_DIRECT_OBJC_ISA_USAGE = YES_ERROR;
				CLANG_WARN_DOCUMENTATION_COMMENTS = YES;
				CLANG_WARN_EMPTY_BODY = YES;
				CLANG_WARN_ENUM_CONVERSION = YES;
				CLANG_WARN_INFINITE_RECURSION = YES;
				CLANG_WARN_INT_CONVERSION = YES;
				CLANG_WARN_NON_LITERAL_NULL_CONVERSION = YES;
				CLANG_WARN_OBJC_IMPLICIT_RETAIN_SELF = YES;
				CLANG_WARN_OBJC_LITERAL_CONVERSION = YES;
				CLANG_WARN_OBJC_ROOT_CLASS = YES_ERROR;
				CLANG_WARN_QUOTED_INCLUDE_IN_FRAMEWORK_HEADER = YES;
				CLANG_WARN_RANGE_LOOP_ANALYSIS = YES;
				CLANG_WARN_STRICT_PROTOTYPES = YES;
				CLANG_WARN_SUSPICIOUS_MOVE = YES;
				CLANG_WARN_UNGUARDED_AVAILABILITY = YES_AGGRESSIVE;
				CLANG_WARN_UNREACHABLE_CODE = YES;
				CLANG_WARN__DUPLICATE_METHOD_MATCH = YES;
				COPY_PHASE_STRIP = NO;
				DEBUG_INFORMATION_FORMAT = "dwarf-with-dsym";
				ENABLE_NS_ASSERTIONS = NO;
				ENABLE_STRICT_OBJC_MSGSEND = YES;
				ENABLE_USER_SCRIPT_SANDBOXING = YES;
				GCC_C_LANGUAGE_STANDARD = gnu17;
				GCC_NO_COMMON_BLOCKS = YES;
				GCC_WARN_64_TO_32_BIT_CONVERSION = YES;
				GCC_WARN_ABOUT_RETURN_TYPE = YES_ERROR;
				GCC_WARN_UNDECLARED_SELECTOR = YES;
				GCC_WARN_UNINITIALIZED_AUTOS = YES_AGGRESSIVE;
				GCC_WARN_UNUSED_FUNCTION = YES;
				GCC_WARN_UNUSED_VARIABLE = YES;
				IPHONEOS_DEPLOYMENT_TARGET = 17.0;
				LOCALIZATION_PREFERS_STRING_CATALOGS = YES;
				MTL_ENABLE_DEBUG_INFO = NO;
				MTL_FAST_MATH = YES;
				SDKROOT = iphoneos;
				SWIFT_COMPILATION_MODE = wholemodule;
				VALIDATE_PRODUCT = YES;
			};
			name = Release;
		};
		5C3B30A62AE010E70032F3D1 /* Debug */ = {
			isa = XCBuildConfiguration;
			buildSettings = {
				ASSETCATALOG_COMPILER_APPICON_NAME = AppIcon;
				ASSETCATALOG_COMPILER_GLOBAL_ACCENT_COLOR_NAME = AccentColor;
				CODE_SIGN_STYLE = Automatic;
				CURRENT_PROJECT_VERSION = 1;
				DEVELOPMENT_ASSET_PATHS = "\"TheFinalCraveApp/Preview Content\"";
				ENABLE_PREVIEWS = YES;
				GENERATE_INFOPLIST_FILE = YES;
				INFOPLIST_KEY_UIApplicationSceneManifest_Generation = YES;
				INFOPLIST_KEY_UIApplicationSupportsIndirectInputEvents = YES;
				INFOPLIST_KEY_UILaunchScreen_Generation = YES;
				INFOPLIST_KEY_UISupportedInterfaceOrientations_iPad = "UIInterfaceOrientationPortrait UIInterfaceOrientationPortraitUpsideDown UIInterfaceOrientationLandscapeLeft UIInterfaceOrientationLandscapeRight";
				INFOPLIST_KEY_UISupportedInterfaceOrientations_iPhone = "UIInterfaceOrientationPortrait UIInterfaceOrientationLandscapeLeft UIInterfaceOrientationLandscapeRight";
				LD_RUNPATH_SEARCH_PATHS = (
					"$(inherited)",
					"@executable_path/Frameworks",
				);
				MARKETING_VERSION = 1.0;
				PRODUCT_BUNDLE_IDENTIFIER = com.Yara.TheFinalCraveApp;
				PRODUCT_NAME = "$(TARGET_NAME)";
				SWIFT_EMIT_LOC_STRINGS = YES;
				SWIFT_VERSION = 5.0;
				TARGETED_DEVICE_FAMILY = "1,2";
			};
			name = Debug;
		};
		5C3B30A72AE010E70032F3D1 /* Release */ = {
			isa = XCBuildConfiguration;
			buildSettings = {
				ASSETCATALOG_COMPILER_APPICON_NAME = AppIcon;
				ASSETCATALOG_COMPILER_GLOBAL_ACCENT_COLOR_NAME = AccentColor;
				CODE_SIGN_STYLE = Automatic;
				CURRENT_PROJECT_VERSION = 1;
				DEVELOPMENT_ASSET_PATHS = "\"TheFinalCraveApp/Preview Content\"";
				ENABLE_PREVIEWS = YES;
				GENERATE_INFOPLIST_FILE = YES;
				INFOPLIST_KEY_UIApplicationSceneManifest_Generation = YES;
				INFOPLIST_KEY_UIApplicationSupportsIndirectInputEvents = YES;
				INFOPLIST_KEY_UILaunchScreen_Generation = YES;
				INFOPLIST_KEY_UISupportedInterfaceOrientations_iPad = "UIInterfaceOrientationPortrait UIInterfaceOrientationPortraitUpsideDown UIInterfaceOrientationLandscapeLeft UIInterfaceOrientationLandscapeRight";
				INFOPLIST_KEY_UISupportedInterfaceOrientations_iPhone = "UIInterfaceOrientationPortrait UIInterfaceOrientationLandscapeLeft UIInterfaceOrientationLandscapeRight";
				LD_RUNPATH_SEARCH_PATHS = (
					"$(inherited)",
					"@executable_path/Frameworks",
				);
				MARKETING_VERSION = 1.0;
				PRODUCT_BUNDLE_IDENTIFIER = com.Yara.TheFinalCraveApp;
				PRODUCT_NAME = "$(TARGET_NAME)";
				SWIFT_EMIT_LOC_STRINGS = YES;
				SWIFT_VERSION = 5.0;
				TARGETED_DEVICE_FAMILY = "1,2";
			};
			name = Release;
		};
/* End XCBuildConfiguration section */

/* Begin XCConfigurationList section */
		5C3B30922AE010E60032F3D1 /* Build configuration list for PBXProject "TheFinalCraveApp" */ = {
			isa = XCConfigurationList;
			buildConfigurations = (
				5C3B30A32AE010E70032F3D1 /* Debug */,
				5C3B30A42AE010E70032F3D1 /* Release */,
			);
			defaultConfigurationIsVisible = 0;
			defaultConfigurationName = Release;
		};
		5C3B30A52AE010E70032F3D1 /* Build configuration list for PBXNativeTarget "TheFinalCraveApp" */ = {
			isa = XCConfigurationList;
			buildConfigurations = (
				5C3B30A62AE010E70032F3D1 /* Debug */,
				5C3B30A72AE010E70032F3D1 /* Release */,
			);
			defaultConfigurationIsVisible = 0;
			defaultConfigurationName = Release;
		};
/* End XCConfigurationList section */

/* Begin XCRemoteSwiftPackageReference section */
		5C3B30A82AE0117C0032F3D1 /* XCRemoteSwiftPackageReference "FortuneWheel" */ = {
			isa = XCRemoteSwiftPackageReference;
			repositoryURL = "https://github.com/sameersyd/FortuneWheel.git";
			requirement = {
				kind = upToNextMajorVersion;
				minimumVersion = 0.1.5;
			};
		};
/* End XCRemoteSwiftPackageReference section */

/* Begin XCSwiftPackageProductDependency section */
		5C3B30A92AE0117C0032F3D1 /* FortuneWheel */ = {
			isa = XCSwiftPackageProductDependency;
			package = 5C3B30A82AE0117C0032F3D1 /* XCRemoteSwiftPackageReference "FortuneWheel" */;
			productName = FortuneWheel;
		};
/* End XCSwiftPackageProductDependency section */
	};
	rootObject = 5C3B308F2AE010E60032F3D1 /* Project object */;
}
